
Microsoft Visual Studio Solution File, Format Version 12.00
# Visual Studio Version 17
VisualStudioVersion = 17.0.31717.71
MinimumVisualStudioVersion = 10.0.40219.1
Project("{9A19103F-16F7-4668-BE54-9A1E7A4F7556}") = "Leaderboard", "Leaderboard.csproj", "{D5A59B4E-5C96-4152-925E-BF936BE0A325}"
EndProject
Global
	GlobalSection(SolutionConfigurationPlatforms) = preSolution
		Debug|Any CPU = Debug|Any CPU
		Release|Any CPU = Release|Any CPU
	EndGlobalSection
	GlobalSection(ProjectConfigurationPlatforms) = postSolution
		{D5A59B4E-5C96-4152-925E-BF936BE0A325}.Debug|Any CPU.ActiveCfg = Debug|Any CPU
		{D5A59B4E-5C96-4152-925E-BF936BE0A325}.Debug|Any CPU.Build.0 = Debug|Any CPU
		{D5A59B4E-5C96-4152-925E-BF936BE0A325}.Release|Any CPU.ActiveCfg = Release|Any CPU
		{D5A59B4E-5C96-4152-925E-BF936BE0A325}.Release|Any CPU.Build.0 = Release|Any CPU
	EndGlobalSection
	GlobalSection(SolutionProperties) = preSolution
		HideSolutionNode = FALSE
	EndGlobalSection
	GlobalSection(ExtensibilityGlobals) = postSolution
		SolutionGuid = {D72D9B67-042F-4653-96E6-FEFB573B4E2B}
	EndGlobalSection
EndGlobal