
Microsoft Visual Studio Solution File, Format Version 12.00
# Visual Studio Version 17
VisualStudioVersion = 17.4.32726.493
MinimumVisualStudioVersion = 10.0.40219.1
Project("{9A19103F-16F7-4668-BE54-9A1E7A4F7556}") = "RockPaperOrleans.Abstractions", "RockPaperOrleans.Abstractions\RockPaperOrleans.Abstractions.csproj", "{63F1A148-D45B-4E6F-811A-3926D9F3A9B1}"
EndProject
Project("{9A19103F-16F7-4668-BE54-9A1E7A4F7556}") = "RockPaperOrleans.Grains", "RockPaperOrleans.Grains\RockPaperOrleans.Grains.csproj", "{B1E69979-85C8-4061-BCFA-ED7C6DBAFF33}"
EndProject
Project("{9A19103F-16F7-4668-BE54-9A1E7A4F7556}") = "RockPaperOrleans", "Infrastructure\RockPaperOrleans.csproj", "{BAA727CD-A215-4D9A-AADF-5C47984DB341}"
EndProject
Project("{2150E333-8FDC-42A3-9474-1A3956D46DE8}") = "GameComponents", "GameComponents", "{BDB46754-DFAD-4B86-B0C0-1003604FF36F}"
EndProject
Project("{2150E333-8FDC-42A3-9474-1A3956D46DE8}") = "Grains", "Grains", "{A7B41787-D202-44C0-825D-A817B9B42466}"
EndProject
Project("{2150E333-8FDC-42A3-9474-1A3956D46DE8}") = "Infra", "Infra", "{0A8C7B9E-1ED6-4521-856D-339A91E8E8CC}"
EndProject
Project("{2150E333-8FDC-42A3-9474-1A3956D46DE8}") = "Players", "Players", "{8EDBA332-0468-4DBC-B742-A5FEA9E8B036}"
EndProject
Project("{FAE04EC0-301F-11D3-BF4B-00C04F79EFBC}") = "Scissors", "Scissors\Scissors.csproj", "{CF94FE8E-618B-4FEA-86F6-DD2DDAEB1757}"
EndProject
Project("{FAE04EC0-301F-11D3-BF4B-00C04F79EFBC}") = "Paper", "Paper\Paper.csproj", "{2EB1CC86-265D-4831-8729-8A7306198929}"
EndProject
Project("{9A19103F-16F7-4668-BE54-9A1E7A4F7556}") = "Rock", "Rock\Rock.csproj", "{7A78DBC3-9CDE-4AF3-87C7-E2B6275DAE59}"
EndProject
Project("{FAE04EC0-301F-11D3-BF4B-00C04F79EFBC}") = "Rando", "Rando\Rando.csproj", "{B2FC52C0-3026-4B77-A081-01D5F3843E46}"
EndProject
Project("{9A19103F-16F7-4668-BE54-9A1E7A4F7556}") = "GameController", "GameController\GameController.csproj", "{B22D464C-9121-461B-9D63-F8244BAFB845}"
EndProject
Global
	GlobalSection(SolutionConfigurationPlatforms) = preSolution
		Debug|Any CPU = Debug|Any CPU
		Release|Any CPU = Release|Any CPU
	EndGlobalSection
	GlobalSection(ProjectConfigurationPlatforms) = postSolution
		{63F1A148-D45B-4E6F-811A-3926D9F3A9B1}.Debug|Any CPU.ActiveCfg = Debug|Any CPU
		{63F1A148-D45B-4E6F-811A-3926D9F3A9B1}.Debug|Any CPU.Build.0 = Debug|Any CPU
		{63F1A148-D45B-4E6F-811A-3926D9F3A9B1}.Release|Any CPU.ActiveCfg = Release|Any CPU
		{63F1A148-D45B-4E6F-811A-3926D9F3A9B1}.Release|Any CPU.Build.0 = Release|Any CPU
		{B1E69979-85C8-4061-BCFA-ED7C6DBAFF33}.Debug|Any CPU.ActiveCfg = Debug|Any CPU
		{B1E69979-85C8-4061-BCFA-ED7C6DBAFF33}.Debug|Any CPU.Build.0 = Debug|Any CPU
		{B1E69979-85C8-4061-BCFA-ED7C6DBAFF33}.Release|Any CPU.ActiveCfg = Release|Any CPU
		{B1E69979-85C8-4061-BCFA-ED7C6DBAFF33}.Release|Any CPU.Build.0 = Release|Any CPU
		{BAA727CD-A215-4D9A-AADF-5C47984DB341}.Debug|Any CPU.ActiveCfg = Debug|Any CPU
		{BAA727CD-A215-4D9A-AADF-5C47984DB341}.Debug|Any CPU.Build.0 = Debug|Any CPU
		{BAA727CD-A215-4D9A-AADF-5C47984DB341}.Release|Any CPU.ActiveCfg = Release|Any CPU
		{BAA727CD-A215-4D9A-AADF-5C47984DB341}.Release|Any CPU.Build.0 = Release|Any CPU
		{CF94FE8E-618B-4FEA-86F6-DD2DDAEB1757}.Debug|Any CPU.ActiveCfg = Debug|Any CPU
		{CF94FE8E-618B-4FEA-86F6-DD2DDAEB1757}.Debug|Any CPU.Build.0 = Debug|Any CPU
		{CF94FE8E-618B-4FEA-86F6-DD2DDAEB1757}.Release|Any CPU.ActiveCfg = Release|Any CPU
		{CF94FE8E-618B-4FEA-86F6-DD2DDAEB1757}.Release|Any CPU.Build.0 = Release|Any CPU
		{2EB1CC86-265D-4831-8729-8A7306198929}.Debug|Any CPU.ActiveCfg = Debug|Any CPU
		{2EB1CC86-265D-4831-8729-8A7306198929}.Debug|Any CPU.Build.0 = Debug|Any CPU
		{2EB1CC86-265D-4831-8729-8A7306198929}.Release|Any CPU.ActiveCfg = Release|Any CPU
		{2EB1CC86-265D-4831-8729-8A7306198929}.Release|Any CPU.Build.0 = Release|Any CPU
		{7A78DBC3-9CDE-4AF3-87C7-E2B6275DAE59}.Debug|Any CPU.ActiveCfg = Debug|Any CPU
		{7A78DBC3-9CDE-4AF3-87C7-E2B6275DAE59}.Debug|Any CPU.Build.0 = Debug|Any CPU
		{7A78DBC3-9CDE-4AF3-87C7-E2B6275DAE59}.Release|Any CPU.ActiveCfg = Release|Any CPU
		{7A78DBC3-9CDE-4AF3-87C7-E2B6275DAE59}.Release|Any CPU.Build.0 = Release|Any CPU
		{B2FC52C0-3026-4B77-A081-01D5F3843E46}.Debug|Any CPU.ActiveCfg = Debug|Any CPU
		{B2FC52C0-3026-4B77-A081-01D5F3843E46}.Debug|Any CPU.Build.0 = Debug|Any CPU
		{B2FC52C0-3026-4B77-A081-01D5F3843E46}.Release|Any CPU.ActiveCfg = Release|Any CPU
		{B2FC52C0-3026-4B77-A081-01D5F3843E46}.Release|Any CPU.Build.0 = Release|Any CPU
		{B22D464C-9121-461B-9D63-F8244BAFB845}.Debug|Any CPU.ActiveCfg = Debug|Any CPU
		{B22D464C-9121-461B-9D63-F8244BAFB845}.Debug|Any CPU.Build.0 = Debug|Any CPU
		{B22D464C-9121-461B-9D63-F8244BAFB845}.Release|Any CPU.ActiveCfg = Release|Any CPU
		{B22D464C-9121-461B-9D63-F8244BAFB845}.Release|Any CPU.Build.0 = Release|Any CPU
	EndGlobalSection
	GlobalSection(SolutionProperties) = preSolution
		HideSolutionNode = FALSE
	EndGlobalSection
	GlobalSection(NestedProjects) = preSolution
		{63F1A148-D45B-4E6F-811A-3926D9F3A9B1} = {A7B41787-D202-44C0-825D-A817B9B42466}
		{B1E69979-85C8-4061-BCFA-ED7C6DBAFF33} = {A7B41787-D202-44C0-825D-A817B9B42466}
		{BAA727CD-A215-4D9A-AADF-5C47984DB341} = {0A8C7B9E-1ED6-4521-856D-339A91E8E8CC}
		{CF94FE8E-618B-4FEA-86F6-DD2DDAEB1757} = {8EDBA332-0468-4DBC-B742-A5FEA9E8B036}
		{2EB1CC86-265D-4831-8729-8A7306198929} = {8EDBA332-0468-4DBC-B742-A5FEA9E8B036}
		{7A78DBC3-9CDE-4AF3-87C7-E2B6275DAE59} = {8EDBA332-0468-4DBC-B742-A5FEA9E8B036}
		{B2FC52C0-3026-4B77-A081-01D5F3843E46} = {8EDBA332-0468-4DBC-B742-A5FEA9E8B036}
		{B22D464C-9121-461B-9D63-F8244BAFB845} = {BDB46754-DFAD-4B86-B0C0-1003604FF36F}
	EndGlobalSection
	GlobalSection(ExtensibilityGlobals) = postSolution
		SolutionGuid = {EC90BE72-E68B-4563-86D0-BD4596571710}
	EndGlobalSection
EndGlobal
