
Microsoft Visual Studio Solution File, Format Version 12.00
# Visual Studio Version 17
VisualStudioVersion = 17.4.32726.493
MinimumVisualStudioVersion = 10.0.40219.1
Project("{FAE04EC0-301F-11D3-BF4B-00C04F79EFBC}") = "RockPaperOrleans.Abstractions", "RockPaperOrleans.Abstractions\RockPaperOrleans.Abstractions.csproj", "{63F1A148-D45B-4E6F-811A-3926D9F3A9B1}"
EndProject
Global
	GlobalSection(SolutionConfigurationPlatforms) = preSolution
		Debug|Any CPU = Debug|Any CPU
		Release|Any CPU = Release|Any CPU
	EndGlobalSection
	GlobalSection(ProjectConfigurationPlatforms) = postSolution
		{63F1A148-D45B-4E6F-811A-3926D9F3A9B1}.Debug|Any CPU.ActiveCfg = Debug|Any CPU
		{63F1A148-D45B-4E6F-811A-3926D9F3A9B1}.Debug|Any CPU.Build.0 = Debug|Any CPU
		{63F1A148-D45B-4E6F-811A-3926D9F3A9B1}.Release|Any CPU.ActiveCfg = Release|Any CPU
		{63F1A148-D45B-4E6F-811A-3926D9F3A9B1}.Release|Any CPU.Build.0 = Release|Any CPU
	EndGlobalSection
	GlobalSection(SolutionProperties) = preSolution
		HideSolutionNode = FALSE
	EndGlobalSection
	GlobalSection(ExtensibilityGlobals) = postSolution
		SolutionGuid = {EC90BE72-E68B-4563-86D0-BD4596571710}
	EndGlobalSection
EndGlobal
