
Microsoft Visual Studio Solution File, Format Version 12.00
# Visual Studio Version 17
VisualStudioVersion = 17.4.32726.493
MinimumVisualStudioVersion = 10.0.40219.1
Project("{9A19103F-16F7-4668-BE54-9A1E7A4F7556}") = "RockPaperOrleans.Abstractions", "RockPaperOrleans.Abstractions\RockPaperOrleans.Abstractions.csproj", "{63F1A148-D45B-4E6F-811A-3926D9F3A9B1}"
EndProject
Project("{9A19103F-16F7-4668-BE54-9A1E7A4F7556}") = "RockPaperOrleans.Grains", "RockPaperOrleans.Grains\RockPaperOrleans.Grains.csproj", "{B1E69979-85C8-4061-BCFA-ED7C6DBAFF33}"
EndProject
Project("{9A19103F-16F7-4668-BE54-9A1E7A4F7556}") = "RockPaperOrleans", "Infrastructure\RockPaperOrleans.csproj", "{BAA727CD-A215-4D9A-AADF-5C47984DB341}"
EndProject
Project("{2150E333-8FDC-42A3-9474-1A3956D46DE8}") = "GameComponents", "GameComponents", "{BDB46754-DFAD-4B86-B0C0-1003604FF36F}"
EndProject
Project("{2150E333-8FDC-42A3-9474-1A3956D46DE8}") = "Core", "Core", "{A7B41787-D202-44C0-825D-A817B9B42466}"
EndProject
Project("{2150E333-8FDC-42A3-9474-1A3956D46DE8}") = "Players", "Players", "{8EDBA332-0468-4DBC-B742-A5FEA9E8B036}"
EndProject
Project("{9A19103F-16F7-4668-BE54-9A1E7A4F7556}") = "Rando", "Rando\Rando.csproj", "{B2FC52C0-3026-4B77-A081-01D5F3843E46}"
EndProject
Project("{9A19103F-16F7-4668-BE54-9A1E7A4F7556}") = "GameController", "GameController\GameController.csproj", "{B22D464C-9121-461B-9D63-F8244BAFB845}"
EndProject
Project("{9A19103F-16F7-4668-BE54-9A1E7A4F7556}") = "Players", "Players\Players.csproj", "{CE843FB7-B212-4D57-99A5-80D462AF2C66}"
EndProject
Project("{9A19103F-16F7-4668-BE54-9A1E7A4F7556}") = "Leaderboard", "Leaderboard\Leaderboard.csproj", "{15516E26-FF5B-4F58-A389-C1EE47649CD7}"
EndProject
Project("{9A19103F-16F7-4668-BE54-9A1E7A4F7556}") = "Rascals", "Rascals\Rascals.csproj", "{1EB0C330-5CF0-4E63-BF6A-9AADABB70ABA}"
EndProject
Project("{2150E333-8FDC-42A3-9474-1A3956D46DE8}") = "Aspire", "Aspire", "{C3772394-C8B1-4D8E-A482-B4EA7B845EF7}"
EndProject
Project("{9A19103F-16F7-4668-BE54-9A1E7A4F7556}") = "AppHost", "AppHost\AppHost.csproj", "{CF932214-DA25-4A5C-BF28-166AB5E3452C}"
EndProject
Project("{9A19103F-16F7-4668-BE54-9A1E7A4F7556}") = "Defaults", "Defaults\Defaults.csproj", "{B70EE436-BB6B-47F2-94A3-A5D26605117A}"
EndProject
Project("{9A19103F-16F7-4668-BE54-9A1E7A4F7556}") = "MrPresumptive", "MrPresumptive\MrPresumptive.csproj", "{6D31BF10-04AC-4155-87EA-C51B9EE054EC}"
EndProject
Project("{9A19103F-16F7-4668-BE54-9A1E7A4F7556}") = "RoundRobin", "RoundRobin\RoundRobin.csproj", "{F1E4C221-D496-4475-881E-5FB04AEFF7AE}"
EndProject
Global
	GlobalSection(SolutionConfigurationPlatforms) = preSolution
		Debug|Any CPU = Debug|Any CPU
		Release|Any CPU = Release|Any CPU
	EndGlobalSection
	GlobalSection(ProjectConfigurationPlatforms) = postSolution
		{63F1A148-D45B-4E6F-811A-3926D9F3A9B1}.Debug|Any CPU.ActiveCfg = Debug|Any CPU
		{63F1A148-D45B-4E6F-811A-3926D9F3A9B1}.Debug|Any CPU.Build.0 = Debug|Any CPU
		{63F1A148-D45B-4E6F-811A-3926D9F3A9B1}.Release|Any CPU.ActiveCfg = Release|Any CPU
		{63F1A148-D45B-4E6F-811A-3926D9F3A9B1}.Release|Any CPU.Build.0 = Release|Any CPU
		{B1E69979-85C8-4061-BCFA-ED7C6DBAFF33}.Debug|Any CPU.ActiveCfg = Debug|Any CPU
		{B1E69979-85C8-4061-BCFA-ED7C6DBAFF33}.Debug|Any CPU.Build.0 = Debug|Any CPU
		{B1E69979-85C8-4061-BCFA-ED7C6DBAFF33}.Release|Any CPU.ActiveCfg = Release|Any CPU
		{B1E69979-85C8-4061-BCFA-ED7C6DBAFF33}.Release|Any CPU.Build.0 = Release|Any CPU
		{BAA727CD-A215-4D9A-AADF-5C47984DB341}.Debug|Any CPU.ActiveCfg = Debug|Any CPU
		{BAA727CD-A215-4D9A-AADF-5C47984DB341}.Debug|Any CPU.Build.0 = Debug|Any CPU
		{BAA727CD-A215-4D9A-AADF-5C47984DB341}.Release|Any CPU.ActiveCfg = Release|Any CPU
		{BAA727CD-A215-4D9A-AADF-5C47984DB341}.Release|Any CPU.Build.0 = Release|Any CPU
		{B2FC52C0-3026-4B77-A081-01D5F3843E46}.Debug|Any CPU.ActiveCfg = Debug|Any CPU
		{B2FC52C0-3026-4B77-A081-01D5F3843E46}.Debug|Any CPU.Build.0 = Debug|Any CPU
		{B2FC52C0-3026-4B77-A081-01D5F3843E46}.Release|Any CPU.ActiveCfg = Release|Any CPU
		{B2FC52C0-3026-4B77-A081-01D5F3843E46}.Release|Any CPU.Build.0 = Release|Any CPU
		{B22D464C-9121-461B-9D63-F8244BAFB845}.Debug|Any CPU.ActiveCfg = Debug|Any CPU
		{B22D464C-9121-461B-9D63-F8244BAFB845}.Debug|Any CPU.Build.0 = Debug|Any CPU
		{B22D464C-9121-461B-9D63-F8244BAFB845}.Release|Any CPU.ActiveCfg = Release|Any CPU
		{B22D464C-9121-461B-9D63-F8244BAFB845}.Release|Any CPU.Build.0 = Release|Any CPU
		{CE843FB7-B212-4D57-99A5-80D462AF2C66}.Debug|Any CPU.ActiveCfg = Debug|Any CPU
		{CE843FB7-B212-4D57-99A5-80D462AF2C66}.Debug|Any CPU.Build.0 = Debug|Any CPU
		{CE843FB7-B212-4D57-99A5-80D462AF2C66}.Release|Any CPU.ActiveCfg = Release|Any CPU
		{CE843FB7-B212-4D57-99A5-80D462AF2C66}.Release|Any CPU.Build.0 = Release|Any CPU
		{15516E26-FF5B-4F58-A389-C1EE47649CD7}.Debug|Any CPU.ActiveCfg = Debug|Any CPU
		{15516E26-FF5B-4F58-A389-C1EE47649CD7}.Debug|Any CPU.Build.0 = Debug|Any CPU
		{15516E26-FF5B-4F58-A389-C1EE47649CD7}.Release|Any CPU.ActiveCfg = Release|Any CPU
		{15516E26-FF5B-4F58-A389-C1EE47649CD7}.Release|Any CPU.Build.0 = Release|Any CPU
		{1EB0C330-5CF0-4E63-BF6A-9AADABB70ABA}.Debug|Any CPU.ActiveCfg = Debug|Any CPU
		{1EB0C330-5CF0-4E63-BF6A-9AADABB70ABA}.Debug|Any CPU.Build.0 = Debug|Any CPU
		{1EB0C330-5CF0-4E63-BF6A-9AADABB70ABA}.Release|Any CPU.ActiveCfg = Release|Any CPU
		{1EB0C330-5CF0-4E63-BF6A-9AADABB70ABA}.Release|Any CPU.Build.0 = Release|Any CPU
		{CF932214-DA25-4A5C-BF28-166AB5E3452C}.Debug|Any CPU.ActiveCfg = Debug|Any CPU
		{CF932214-DA25-4A5C-BF28-166AB5E3452C}.Debug|Any CPU.Build.0 = Debug|Any CPU
		{CF932214-DA25-4A5C-BF28-166AB5E3452C}.Release|Any CPU.ActiveCfg = Release|Any CPU
		{CF932214-DA25-4A5C-BF28-166AB5E3452C}.Release|Any CPU.Build.0 = Release|Any CPU
		{B70EE436-BB6B-47F2-94A3-A5D26605117A}.Debug|Any CPU.ActiveCfg = Debug|Any CPU
		{B70EE436-BB6B-47F2-94A3-A5D26605117A}.Debug|Any CPU.Build.0 = Debug|Any CPU
		{B70EE436-BB6B-47F2-94A3-A5D26605117A}.Release|Any CPU.ActiveCfg = Release|Any CPU
		{B70EE436-BB6B-47F2-94A3-A5D26605117A}.Release|Any CPU.Build.0 = Release|Any CPU
		{6D31BF10-04AC-4155-87EA-C51B9EE054EC}.Debug|Any CPU.ActiveCfg = Debug|Any CPU
		{6D31BF10-04AC-4155-87EA-C51B9EE054EC}.Debug|Any CPU.Build.0 = Debug|Any CPU
		{6D31BF10-04AC-4155-87EA-C51B9EE054EC}.Release|Any CPU.ActiveCfg = Release|Any CPU
		{6D31BF10-04AC-4155-87EA-C51B9EE054EC}.Release|Any CPU.Build.0 = Release|Any CPU
		{F1E4C221-D496-4475-881E-5FB04AEFF7AE}.Debug|Any CPU.ActiveCfg = Debug|Any CPU
		{F1E4C221-D496-4475-881E-5FB04AEFF7AE}.Debug|Any CPU.Build.0 = Debug|Any CPU
		{F1E4C221-D496-4475-881E-5FB04AEFF7AE}.Release|Any CPU.ActiveCfg = Release|Any CPU
		{F1E4C221-D496-4475-881E-5FB04AEFF7AE}.Release|Any CPU.Build.0 = Release|Any CPU
	EndGlobalSection
	GlobalSection(SolutionProperties) = preSolution
		HideSolutionNode = FALSE
	EndGlobalSection
	GlobalSection(NestedProjects) = preSolution
		{63F1A148-D45B-4E6F-811A-3926D9F3A9B1} = {A7B41787-D202-44C0-825D-A817B9B42466}
		{B1E69979-85C8-4061-BCFA-ED7C6DBAFF33} = {A7B41787-D202-44C0-825D-A817B9B42466}
		{BAA727CD-A215-4D9A-AADF-5C47984DB341} = {A7B41787-D202-44C0-825D-A817B9B42466}
		{B2FC52C0-3026-4B77-A081-01D5F3843E46} = {8EDBA332-0468-4DBC-B742-A5FEA9E8B036}
		{B22D464C-9121-461B-9D63-F8244BAFB845} = {BDB46754-DFAD-4B86-B0C0-1003604FF36F}
		{CE843FB7-B212-4D57-99A5-80D462AF2C66} = {8EDBA332-0468-4DBC-B742-A5FEA9E8B036}
		{15516E26-FF5B-4F58-A389-C1EE47649CD7} = {BDB46754-DFAD-4B86-B0C0-1003604FF36F}
		{1EB0C330-5CF0-4E63-BF6A-9AADABB70ABA} = {8EDBA332-0468-4DBC-B742-A5FEA9E8B036}
		{CF932214-DA25-4A5C-BF28-166AB5E3452C} = {C3772394-C8B1-4D8E-A482-B4EA7B845EF7}
		{B70EE436-BB6B-47F2-94A3-A5D26605117A} = {C3772394-C8B1-4D8E-A482-B4EA7B845EF7}
		{6D31BF10-04AC-4155-87EA-C51B9EE054EC} = {8EDBA332-0468-4DBC-B742-A5FEA9E8B036}
		{F1E4C221-D496-4475-881E-5FB04AEFF7AE} = {8EDBA332-0468-4DBC-B742-A5FEA9E8B036}
	EndGlobalSection
	GlobalSection(ExtensibilityGlobals) = postSolution
		SolutionGuid = {EC90BE72-E68B-4563-86D0-BD4596571710}
	EndGlobalSection
EndGlobal
